dependencies:
  espressif/cjson:
    component_hash: 9372811fb197926f522c467627cf4a8e72b681e0366e17879631da801103aef3
    dependencies:
    - name: idf
      require: private
      version: '>=5.0'
    source:
      registry_url: https://components.espressif.com/
      type: service
    version: 1.7.19
  idf:
    source:
      type: idf
    version: 5.5.0
direct_dependencies:
- espressif/cjson
manifest_hash: daf0fa74827cd67f9ddc7e1bef133c1936fb585172d503068ced806e6e3fb9dd
target: esp32s3
version: 2.0.0
